{
  "nodes": {
    "darwin": {
      "inputs": {
        "nixpkgs": [
          "nixpkgs"
        ]
      },
      "locked": {
        "lastModified": 1647793302,
        "narHash": "sha256-bQNxeY6nArU9EuI4UN6tu6fCpkWBr0SI2ElIjYArH7s=",
        "owner": "pbar1",
        "repo": "nix-darwin",
        "rev": "aacc514ed0f8d762cf66f4d1a1006417d69924e6",
        "type": "github"
      },
      "original": {
        "owner": "pbar1",
        "repo": "nix-darwin",
        "type": "github"
      }
    },
    "home-manager": {
      "inputs": {
        "nixpkgs": [
          "nixpkgs"
        ]
      },
      "locked": {
        "lastModified": 1647644064,
        "narHash": "sha256-RdZl1uIZslc8ViQwBJAJbkKpJN8J3y/U4xjZuLyFaMY=",
        "owner": "nix-community",
        "repo": "home-manager",
        "rev": "7cf15b19a931b99f9a918887fc488d577fd07516",
        "type": "github"
      },
      "original": {
        "owner": "nix-community",
        "repo": "home-manager",
        "type": "github"
      }
    },
    "nixpkgs": {
      "locked": {
        "lastModified": 1647297614,
        "narHash": "sha256-ulGq3W5XsrBMU/u5k9d4oPy65pQTkunR4HKKtTq0RwY=",
        "owner": "nixos",
        "repo": "nixpkgs",
        "rev": "73ad5f9e147c0d2a2061f1d4bd91e05078dc0b58",
        "type": "github"
      },
      "original": {
        "owner": "nixos",
        "ref": "nixos-unstable",
        "repo": "nixpkgs",
        "type": "github"
      }
    },
    "root": {
      "inputs": {
        "darwin": "darwin",
        "home-manager": "home-manager",
        "nixpkgs": "nixpkgs"
      }
    }
  },
  "root": "root",
  "version": 7
}
