{
  "nodes": {
    "darwin": {
      "inputs": {
        "nixpkgs": [
          "nixpkgs"
        ]
      },
      "locked": {
        "lastModified": 1722924007,
        "narHash": "sha256-+CQDamNwqO33REJLft8c26NbUi2Td083hq6SvAm2xkU=",
        "owner": "LnL7",
        "repo": "nix-darwin",
        "rev": "91010a5613ffd7ee23ee9263213157a1c422b705",
        "type": "github"
      },
      "original": {
        "owner": "LnL7",
        "repo": "nix-darwin",
        "type": "github"
      }
    },
    "fish:plugin-bang-bang": {
      "flake": false,
      "locked": {
        "lastModified": 1690139185,
        "narHash": "sha256-oPPCtFN2DPuM//c48SXb4TrFRjJtccg0YPXcAo0Lxq0=",
        "owner": "oh-my-fish",
        "repo": "plugin-bang-bang",
        "rev": "ec991b80ba7d4dda7a962167b036efc5c2d79419",
        "type": "github"
      },
      "original": {
        "owner": "oh-my-fish",
        "repo": "plugin-bang-bang",
        "type": "github"
      }
    },
    "home-manager": {
      "inputs": {
        "nixpkgs": [
          "nixpkgs"
        ]
      },
      "locked": {
        "lastModified": 1723399884,
        "narHash": "sha256-97wn0ihhGqfMb8WcUgzzkM/TuAxce2Gd20A8oiruju4=",
        "owner": "nix-community",
        "repo": "home-manager",
        "rev": "086f619dd991a4d355c07837448244029fc2d9ab",
        "type": "github"
      },
      "original": {
        "owner": "nix-community",
        "repo": "home-manager",
        "type": "github"
      }
    },
    "nixpkgs": {
      "locked": {
        "lastModified": 1723175592,
        "narHash": "sha256-M0xJ3FbDUc4fRZ84dPGx5VvgFsOzds77KiBMW/mMTnI=",
        "owner": "NixOS",
        "repo": "nixpkgs",
        "rev": "5e0ca22929f3342b19569b21b2f3462f053e497b",
        "type": "github"
      },
      "original": {
        "owner": "NixOS",
        "ref": "nixos-unstable",
        "repo": "nixpkgs",
        "type": "github"
      }
    },
    "root": {
      "inputs": {
        "darwin": "darwin",
        "fish:plugin-bang-bang": "fish:plugin-bang-bang",
        "home-manager": "home-manager",
        "nixpkgs": "nixpkgs",
        "spoon:Caffeine": "spoon:Caffeine",
        "spoon:ClipboardTool": "spoon:ClipboardTool",
        "spoon:KSheet": "spoon:KSheet",
        "spoon:ReloadConfiguration": "spoon:ReloadConfiguration",
        "spoon:Seal": "spoon:Seal",
        "zsh:zsh-abbr": "zsh:zsh-abbr",
        "zsh:zsh-autopair": "zsh:zsh-autopair"
      }
    },
    "spoon:Caffeine": {
      "flake": false,
      "locked": {
        "narHash": "sha256-Q7i2O0vKKntJ/NIBRAeP0OXu3wIfN29LDisGxWtxQqI=",
        "type": "tarball",
        "url": "https://github.com/Hammerspoon/Spoons/raw/master/Spoons/Caffeine.spoon.zip"
      },
      "original": {
        "type": "tarball",
        "url": "https://github.com/Hammerspoon/Spoons/raw/master/Spoons/Caffeine.spoon.zip"
      }
    },
    "spoon:ClipboardTool": {
      "flake": false,
      "locked": {
        "narHash": "sha256-H2YX6Xm7zBr3ahdfF6wppxN3OQRl03zkYEgP2wXLWJY=",
        "type": "tarball",
        "url": "https://github.com/Hammerspoon/Spoons/raw/master/Spoons/ClipboardTool.spoon.zip"
      },
      "original": {
        "type": "tarball",
        "url": "https://github.com/Hammerspoon/Spoons/raw/master/Spoons/ClipboardTool.spoon.zip"
      }
    },
    "spoon:KSheet": {
      "flake": false,
      "locked": {
        "narHash": "sha256-SegAypouaDGQGSp6F+3AUzL0KB8N58+bovGe7dI5ECc=",
        "type": "tarball",
        "url": "https://github.com/Hammerspoon/Spoons/raw/master/Spoons/KSheet.spoon.zip"
      },
      "original": {
        "type": "tarball",
        "url": "https://github.com/Hammerspoon/Spoons/raw/master/Spoons/KSheet.spoon.zip"
      }
    },
    "spoon:ReloadConfiguration": {
      "flake": false,
      "locked": {
        "narHash": "sha256-kNyFHP3i1O4VhZQL2Ief6002TrvXzT4doZ9w8X5z6C0=",
        "type": "tarball",
        "url": "https://github.com/Hammerspoon/Spoons/raw/master/Spoons/ReloadConfiguration.spoon.zip"
      },
      "original": {
        "type": "tarball",
        "url": "https://github.com/Hammerspoon/Spoons/raw/master/Spoons/ReloadConfiguration.spoon.zip"
      }
    },
    "spoon:Seal": {
      "flake": false,
      "locked": {
        "narHash": "sha256-aFiaYW+gP7/Knws4MkGkUOz48jNUoYpMXv1Z1ojGZDg=",
        "type": "tarball",
        "url": "https://github.com/Hammerspoon/Spoons/raw/master/Spoons/Seal.spoon.zip"
      },
      "original": {
        "type": "tarball",
        "url": "https://github.com/Hammerspoon/Spoons/raw/master/Spoons/Seal.spoon.zip"
      }
    },
    "zsh:zsh-abbr": {
      "flake": false,
      "locked": {
        "lastModified": 1722564773,
        "narHash": "sha256-XOY5MZrynfnRs7n0y/ozKXLSYJPyhalRkfCKYAWnVUE=",
        "owner": "olets",
        "repo": "zsh-abbr",
        "rev": "20024bd09183b53d19bba026e8b3b3711437b5ca",
        "type": "github"
      },
      "original": {
        "owner": "olets",
        "repo": "zsh-abbr",
        "type": "github"
      }
    },
    "zsh:zsh-autopair": {
      "flake": false,
      "locked": {
        "lastModified": 1720984677,
        "narHash": "sha256-3zvOgIi+q7+sTXrT+r/4v98qjeiEL4Wh64rxBYnwJvQ=",
        "owner": "hlissner",
        "repo": "zsh-autopair",
        "rev": "449a7c3d095bc8f3d78cf37b9549f8bb4c383f3d",
        "type": "github"
      },
      "original": {
        "owner": "hlissner",
        "repo": "zsh-autopair",
        "type": "github"
      }
    }
  },
  "root": "root",
  "version": 7
}
